
Microsoft Visual Studio Solution File, Format Version 12.00
# Visual Studio 15
VisualStudioVersion = 15.0.28307.136
MinimumVisualStudioVersion = 10.0.40219.1
Project("{FAE04EC0-301F-11D3-BF4B-00C04F79EFBC}") = "TuLing", "TuLing\TuLing.csproj", "{9612B115-9486-40CE-8945-40A9D0633EB7}"
EndProject
Project("{FAE04EC0-301F-11D3-BF4B-00C04F79EFBC}") = "Service", "Service\Service.csproj", "{B40AAA02-7312-4D65-9035-46B16F8C16CA}"
EndProject
Project("{FAE04EC0-301F-11D3-BF4B-00C04F79EFBC}") = "SearchFiction", "SearchFiction\SearchFiction.csproj", "{40811A87-96F6-4FF3-9E1E-1EFE920CE902}"
EndProject
Project("{FAE04EC0-301F-11D3-BF4B-00C04F79EFBC}") = "DuanZi", "DuanZi\DuanZi.csproj", "{893C63A6-576A-413D-8CA5-E94736121E4D}"
EndProject
Global
	GlobalSection(SolutionConfigurationPlatforms) = preSolution
		Debug|Any CPU = Debug|Any CPU
		Release|Any CPU = Release|Any CPU
	EndGlobalSection
	GlobalSection(ProjectConfigurationPlatforms) = postSolution
		{9612B115-9486-40CE-8945-40A9D0633EB7}.Debug|Any CPU.ActiveCfg = Debug|Any CPU
		{9612B115-9486-40CE-8945-40A9D0633EB7}.Debug|Any CPU.Build.0 = Debug|Any CPU
		{9612B115-9486-40CE-8945-40A9D0633EB7}.Release|Any CPU.ActiveCfg = Release|Any CPU
		{9612B115-9486-40CE-8945-40A9D0633EB7}.Release|Any CPU.Build.0 = Release|Any CPU
		{B40AAA02-7312-4D65-9035-46B16F8C16CA}.Debug|Any CPU.ActiveCfg = Debug|Any CPU
		{B40AAA02-7312-4D65-9035-46B16F8C16CA}.Debug|Any CPU.Build.0 = Debug|Any CPU
		{B40AAA02-7312-4D65-9035-46B16F8C16CA}.Release|Any CPU.ActiveCfg = Release|Any CPU
		{B40AAA02-7312-4D65-9035-46B16F8C16CA}.Release|Any CPU.Build.0 = Release|Any CPU
		{40811A87-96F6-4FF3-9E1E-1EFE920CE902}.Debug|Any CPU.ActiveCfg = Debug|Any CPU
		{40811A87-96F6-4FF3-9E1E-1EFE920CE902}.Debug|Any CPU.Build.0 = Debug|Any CPU
		{40811A87-96F6-4FF3-9E1E-1EFE920CE902}.Release|Any CPU.ActiveCfg = Release|Any CPU
		{40811A87-96F6-4FF3-9E1E-1EFE920CE902}.Release|Any CPU.Build.0 = Release|Any CPU
		{893C63A6-576A-413D-8CA5-E94736121E4D}.Debug|Any CPU.ActiveCfg = Debug|Any CPU
		{893C63A6-576A-413D-8CA5-E94736121E4D}.Debug|Any CPU.Build.0 = Debug|Any CPU
		{893C63A6-576A-413D-8CA5-E94736121E4D}.Release|Any CPU.ActiveCfg = Release|Any CPU
		{893C63A6-576A-413D-8CA5-E94736121E4D}.Release|Any CPU.Build.0 = Release|Any CPU
	EndGlobalSection
	GlobalSection(SolutionProperties) = preSolution
		HideSolutionNode = FALSE
	EndGlobalSection
	GlobalSection(ExtensibilityGlobals) = postSolution
		SolutionGuid = {FDC43688-2083-44F3-8964-57835F9B9F33}
	EndGlobalSection
EndGlobal
